
Microsoft Visual Studio Solution File, Format Version 12.00
# Visual Studio Version 17
VisualStudioVersion = 17.5.002.0
MinimumVisualStudioVersion = 10.0.40219.1
Project("{9A19103F-16F7-4668-BE54-9A1E7A4F7556}") = "BackEnd", "BackEnd.csproj", "{EA6B09BF-0C61-4E3D-BF51-297BDC565CAD}"
EndProject
Global
	GlobalSection(SolutionConfigurationPlatforms) = preSolution
		Debug|Any CPU = Debug|Any CPU
		Release|Any CPU = Release|Any CPU
	EndGlobalSection
	GlobalSection(ProjectConfigurationPlatforms) = postSolution
		{EA6B09BF-0C61-4E3D-BF51-297BDC565CAD}.Debug|Any CPU.ActiveCfg = Debug|Any CPU
		{EA6B09BF-0C61-4E3D-BF51-297BDC565CAD}.Debug|Any CPU.Build.0 = Debug|Any CPU
		{EA6B09BF-0C61-4E3D-BF51-297BDC565CAD}.Release|Any CPU.ActiveCfg = Release|Any CPU
		{EA6B09BF-0C61-4E3D-BF51-297BDC565CAD}.Release|Any CPU.Build.0 = Release|Any CPU
	EndGlobalSection
	GlobalSection(SolutionProperties) = preSolution
		HideSolutionNode = FALSE
	EndGlobalSection
	GlobalSection(ExtensibilityGlobals) = postSolution
		SolutionGuid = {61A4F73E-56F9-4353-9BF6-3C59BA5A1376}
	EndGlobalSection
EndGlobal
